
Microsoft Visual Studio Solution File, Format Version 12.00
# Visual Studio Version 17
VisualStudioVersion = 17.3.32922.545
MinimumVisualStudioVersion = 10.0.40219.1
Project("{9A19103F-16F7-4668-BE54-9A1E7A4F7556}") = "ContosoPizza", "ContosoPizza.csproj", "{C1049D4E-CFDF-469B-839A-2350D32BF11C}"
EndProject
Global
	GlobalSection(SolutionConfigurationPlatforms) = preSolution
		Debug|Any CPU = Debug|Any CPU
		Release|Any CPU = Release|Any CPU
	EndGlobalSection
	GlobalSection(ProjectConfigurationPlatforms) = postSolution
		{C1049D4E-CFDF-469B-839A-2350D32BF11C}.Debug|Any CPU.ActiveCfg = Debug|Any CPU
		{C1049D4E-CFDF-469B-839A-2350D32BF11C}.Debug|Any CPU.Build.0 = Debug|Any CPU
		{C1049D4E-CFDF-469B-839A-2350D32BF11C}.Release|Any CPU.ActiveCfg = Release|Any CPU
		{C1049D4E-CFDF-469B-839A-2350D32BF11C}.Release|Any CPU.Build.0 = Release|Any CPU
	EndGlobalSection
	GlobalSection(SolutionProperties) = preSolution
		HideSolutionNode = FALSE
	EndGlobalSection
	GlobalSection(ExtensibilityGlobals) = postSolution
		SolutionGuid = {494B52FD-C453-490D-BBD5-BDC1EB85DFE5}
	EndGlobalSection
EndGlobal
